<?xml version="1.0" encoding="utf-8"?>
<Project ToolsVersion="4.0" xmlns="http://schemas.microsoft.com/developer/msbuild/2003">
  <ItemGroup>
    <Filter Include="icon">
      <UniqueIdentifier>{c58eb912-3777-4e1e-adfe-8cd1141bb594}</UniqueIdentifier>
    </Filter>
  </ItemGroup>
  <ItemGroup>
    <None Include="..\..\icon\catcake.ico">
      <Filter>icon</Filter>
    </None>
  </ItemGroup>
  <ItemGroup>
    <ResourceCompile Include="..\..\icon\catcake.rc">
      <Filter>icon</Filter>
    </ResourceCompile>
  </ItemGroup>
  <ItemGroup>
    <ClInclude Include="..\..\icon\resource.h">
      <Filter>icon</Filter>
    </ClInclude>
    <ClInclude Include="..\..\..\..\sample09_collision\collision_target.h" />
  </ItemGroup>
  <ItemGroup>
    <ClCompile Include="..\..\..\..\sample09_collision\collision_checker.cpp" />
    <ClCompile Include="..\..\..\..\sample09_collision\collision_target.cpp" />
    <ClCompile Include="..\..\..\..\sample09_collision\main.cpp" />
    <ClCompile Include="..\..\..\..\sample01_debug\catcake_logo.cpp" />
  </ItemGroup>
</Project>